[[package]]
name = "black"
version = "22.6.0"
description = "The uncompromising code formatter."
category = "dev"
optional = false
python-versions = ">=3.6.2"

[package.dependencies]
click = ">=8.0.0"
mypy-extensions = ">=0.4.3"
pathspec = ">=0.9.0"
platformdirs = ">=2"
tomli = {version = ">=1.1.0", markers = "python_full_version < \"3.11.0a7\""}
typing-extensions = {version = ">=3.10.0.0", markers = "python_version < \"3.10\""}

[package.extras]
colorama = ["colorama (>=0.4.3)"]
d = ["aiohttp (>=3.7.4)"]
jupyter = ["ipython (>=7.8.0)", "tokenize-rt (>=3.2.0)"]
uvloop = ["uvloop (>=0.15.2)"]

[[package]]
name = "click"
version = "8.1.3"
description = "Composable command line interface toolkit"
category = "dev"
optional = false
python-versions = ">=3.7"

[package.dependencies]
colorama = {version = "*", markers = "platform_system == \"Windows\""}

[[package]]
name = "colorama"
version = "0.4.5"
description = "Cross-platform colored terminal text."
category = "dev"
optional = false
python-versions = ">=2.7, !=3.0.*, !=3.1.*, !=3.2.*, !=3.3.*, !=3.4.*"

[[package]]
name = "coloredlogs"
version = "15.0.1"
description = "Colored terminal output for Python's logging module"
category = "main"
optional = false
python-versions = ">=2.7, !=3.0.*, !=3.1.*, !=3.2.*, !=3.3.*, !=3.4.*"

[package.dependencies]
humanfriendly = ">=9.1"

[package.extras]
cron = ["capturer (>=2.4)"]

[[package]]
name = "evdev"
version = "1.6.0"
description = "Bindings to the Linux input handling subsystem"
category = "main"
optional = false
python-versions = "*"

[[package]]
name = "flatbuffers"
version = "2.0"
description = "The FlatBuffers serialization format for Python"
category = "main"
optional = false
python-versions = "*"

[[package]]
name = "humanfriendly"
version = "10.0"
description = "Human friendly output for text interfaces using Python"
category = "main"
optional = false
python-versions = ">=2.7, !=3.0.*, !=3.1.*, !=3.2.*, !=3.3.*, !=3.4.*"

[package.dependencies]
pyreadline3 = {version = "*", markers = "sys_platform == \"win32\" and python_version >= \"3.8\""}

[[package]]
name = "mpmath"
version = "1.2.1"
description = "Python library for arbitrary-precision floating-point arithmetic"
category = "main"
optional = false
python-versions = "*"

[package.extras]
tests = ["pytest (>=4.6)"]
develop = ["wheel", "codecov", "pytest-cov", "pycodestyle", "pytest (>=4.6)"]

[[package]]
name = "mypy-extensions"
version = "0.4.3"
description = "Experimental type system extensions for programs checked with the mypy typechecker."
category = "dev"
optional = false
python-versions = "*"

[[package]]
name = "nuitka"
version = "1.0.5"
description = "Python compiler with full language support and CPython compatibility"
category = "dev"
optional = false
python-versions = "*"

[[package]]
name = "numpy"
version = "1.23.2"
description = "NumPy is the fundamental package for array computing with Python."
category = "main"
optional = false
python-versions = ">=3.8"

[[package]]
name = "onnxruntime"
version = "1.12.1"
description = "ONNX Runtime is a runtime accelerator for Machine Learning models"
category = "main"
optional = false
python-versions = "*"

[package.dependencies]
coloredlogs = "*"
flatbuffers = "*"
numpy = ">=1.21.0"
packaging = "*"
protobuf = "*"
sympy = "*"

[[package]]
name = "onnxruntime-gpu"
version = "1.12.1"
description = "ONNX Runtime is a runtime accelerator for Machine Learning models"
category = "main"
optional = false
python-versions = "*"

[package.dependencies]
coloredlogs = "*"
flatbuffers = "*"
numpy = ">=1.21.0"
packaging = "*"
protobuf = "*"
sympy = "*"

[[package]]
name = "orderedset"
version = "2.0.3"
description = "An Ordered Set implementation in Cython."
category = "dev"
optional = false
python-versions = "*"

[[package]]
name = "packaging"
version = "21.3"
description = "Core utilities for Python packages"
category = "main"
optional = false
python-versions = ">=3.6"

[package.dependencies]
pyparsing = ">=2.0.2,<3.0.5 || >3.0.5"

[[package]]
name = "pathspec"
version = "0.9.0"
description = "Utility library for gitignore style pattern matching of file paths."
category = "dev"
optional = false
python-versions = "!=3.0.*,!=3.1.*,!=3.2.*,!=3.3.*,!=3.4.*,>=2.7"

[[package]]
name = "pillow"
version = "9.2.0"
description = "Python Imaging Library (Fork)"
category = "main"
optional = false
python-versions = ">=3.7"

[package.extras]
docs = ["furo", "olefile", "sphinx (>=2.4)", "sphinx-copybutton", "sphinx-issues (>=3.0.1)", "sphinx-removed-in", "sphinxext-opengraph"]
tests = ["check-manifest", "coverage", "defusedxml", "markdown2", "olefile", "packaging", "pyroma", "pytest", "pytest-cov", "pytest-timeout"]

[[package]]
name = "platformdirs"
version = "2.5.2"
description = "A small Python module for determining appropriate platform-specific dirs, e.g. a \"user data dir\"."
category = "dev"
optional = false
python-versions = ">=3.7"

[package.extras]
docs = ["furo (>=2021.7.5b38)", "proselint (>=0.10.2)", "sphinx-autodoc-typehints (>=1.12)", "sphinx (>=4)"]
test = ["appdirs (==1.4.4)", "pytest-cov (>=2.7)", "pytest-mock (>=3.6)", "pytest (>=6)"]

[[package]]
name = "protobuf"
version = "4.21.5"
description = ""
category = "main"
optional = false
python-versions = ">=3.7"

[[package]]
name = "PyHotKey"
version = "1.3.4"
description = "A cross-platform hot key module."
category = "main"
optional = false
python-versions = "*"
develop = false

[package.dependencies]
pynput = ">=1.4.5"

[package.source]
type = "git"
url = "https://github.com/rainyl/PyHotKey.git"
reference = "3175397b290e140d671e13493493bde499e2ada0"
resolved_reference = "3175397b290e140d671e13493493bde499e2ada0"

[[package]]
name = "pynput"
version = "1.7.6"
description = "Monitor and control user input devices"
category = "main"
optional = false
python-versions = "*"

[package.dependencies]
evdev = {version = ">=1.3", markers = "sys_platform in \"linux\""}
pyobjc-framework-ApplicationServices = {version = ">=8.0", markers = "sys_platform == \"darwin\""}
pyobjc-framework-Quartz = {version = ">=8.0", markers = "sys_platform == \"darwin\""}
python-xlib = {version = ">=0.17", markers = "sys_platform in \"linux\""}
six = "*"

[[package]]
name = "pyobjc-core"
version = "8.5"
description = "Python<->ObjC Interoperability Module"
category = "main"
optional = false
python-versions = ">=3.6"

[[package]]
name = "pyobjc-framework-applicationservices"
version = "8.5"
description = "Wrappers for the framework ApplicationServices on macOS"
category = "main"
optional = false
python-versions = ">=3.6"

[package.dependencies]
pyobjc-core = ">=8.5"
pyobjc-framework-Cocoa = ">=8.5"
pyobjc-framework-Quartz = ">=8.5"

[[package]]
name = "pyobjc-framework-cocoa"
version = "8.5"
description = "Wrappers for the Cocoa frameworks on macOS"
category = "main"
optional = false
python-versions = ">=3.6"

[package.dependencies]
pyobjc-core = ">=8.5"

[[package]]
name = "pyobjc-framework-quartz"
version = "8.5"
description = "Wrappers for the Quartz frameworks on macOS"
category = "main"
optional = false
python-versions = ">=3.6"

[package.dependencies]
pyobjc-core = ">=8.5"
pyobjc-framework-Cocoa = ">=8.5"

[[package]]
name = "pyparsing"
version = "3.0.9"
description = "pyparsing module - Classes and methods to define and execute parsing grammars"
category = "main"
optional = false
python-versions = ">=3.6.8"

[package.extras]
diagrams = ["railroad-diagrams", "jinja2"]

[[package]]
name = "pyreadline3"
version = "3.4.1"
description = "A python implementation of GNU readline."
category = "main"
optional = false
python-versions = "*"

[[package]]
name = "pyside6"
version = "6.3.1"
description = "Python bindings for the Qt cross-platform application and UI framework"
category = "main"
optional = false
python-versions = "<3.11,>=3.6"

[package.dependencies]
PySide6-Addons = "6.3.1"
PySide6-Essentials = "6.3.1"
shiboken6 = "6.3.1"

[[package]]
name = "pyside6-addons"
version = "6.3.1"
description = "Python bindings for the Qt cross-platform application and UI framework (Addons)"
category = "main"
optional = false
python-versions = "<3.11,>=3.6"

[package.dependencies]
PySide6-Essentials = "6.3.1"
shiboken6 = "6.3.1"

[[package]]
name = "pyside6-essentials"
version = "6.3.1"
description = "Python bindings for the Qt cross-platform application and UI framework (Essentials)"
category = "main"
optional = false
python-versions = "<3.11,>=3.6"

[package.dependencies]
shiboken6 = "6.3.1"

[[package]]
name = "python-xlib"
version = "0.31"
description = "Python X Library"
category = "main"
optional = false
python-versions = "*"

[package.dependencies]
six = ">=1.10.0"

[[package]]
name = "shiboken6"
version = "6.3.1"
description = "Python/C++ bindings helper module"
category = "main"
optional = false
python-versions = "<3.11,>=3.6"

[[package]]
name = "six"
version = "1.16.0"
description = "Python 2 and 3 compatibility utilities"
category = "main"
optional = false
python-versions = ">=2.7, !=3.0.*, !=3.1.*, !=3.2.*"

[[package]]
name = "sympy"
version = "1.10.1"
description = "Computer algebra system (CAS) in Python"
category = "main"
optional = false
python-versions = ">=3.7"

[package.dependencies]
mpmath = ">=0.19"

[[package]]
name = "tokenizers"
version = "0.12.1"
description = "Fast and Customizable Tokenizers"
category = "main"
optional = false
python-versions = "*"

[package.extras]
testing = ["datasets", "numpy", "requests", "pytest"]
docs = ["setuptools-rust", "sphinx-rtd-theme", "sphinx"]

[[package]]
name = "tomli"
version = "2.0.1"
description = "A lil' TOML parser"
category = "dev"
optional = false
python-versions = ">=3.7"

[[package]]
name = "typing-extensions"
version = "4.3.0"
description = "Backported and Experimental Type Hints for Python 3.7+"
category = "dev"
optional = false
python-versions = ">=3.7"

[metadata]
lock-version = "1.1"
python-versions = ">=3.9,<3.11"
content-hash = "8b2144c4c960f8480a0b182f2f3ab70d8e4473c2ad0554bad52e620328ffa853"

[metadata.files]
black = []
click = []
colorama = [
    {file = "colorama-0.4.5-py2.py3-none-any.whl", hash = "sha256:854bf444933e37f5824ae7bfc1e98d5bce2ebe4160d46b5edf346a89358e99da"},
    {file = "colorama-0.4.5.tar.gz", hash = "sha256:e6c6b4334fc50988a639d9b98aa429a0b57da6e17b9a44f0451f930b6967b7a4"},
]
coloredlogs = []
evdev = []
flatbuffers = []
humanfriendly = []
mpmath = []
mypy-extensions = [
    {file = "mypy_extensions-0.4.3-py2.py3-none-any.whl", hash = "sha256:090fedd75945a69ae91ce1303b5824f428daf5a028d2f6ab8a299250a846f15d"},
    {file = "mypy_extensions-0.4.3.tar.gz", hash = "sha256:2d82818f5bb3e369420cb3c4060a7970edba416647068eb4c5343488a6c604a8"},
]
nuitka = [
    {file = "Nuitka-1.0.5.tar.gz", hash = "sha256:6505607b1a841ab385a2b8d3e680eff53f98e2720d5ae45d0d600aaae2c72d14"},
]
numpy = []
onnxruntime = []
onnxruntime-gpu = [
    {file = "onnxruntime_gpu-1.12.1-cp310-cp310-manylinux_2_17_x86_64.manylinux2014_x86_64.whl", hash = "sha256:42b0393c5122ed90fa2eb76192a486261d86e9526ccb78b2a98923c22791d2d1"},
    {file = "onnxruntime_gpu-1.12.1-cp310-cp310-win_amd64.whl", hash = "sha256:ecfe97335027e569d4f46725ba89316041e562b8c499690e25e11cfee4601cd1"},
    {file = "onnxruntime_gpu-1.12.1-cp37-cp37m-manylinux_2_17_x86_64.manylinux2014_x86_64.whl", hash = "sha256:e2be6f7f5a1ce0bc8471ce42e10eab92cfb19d0748b857edcb5320b5e98311b7"},
    {file = "onnxruntime_gpu-1.12.1-cp37-cp37m-win_amd64.whl", hash = "sha256:d73204323aefebe4eecab9fcf76e22b1a00394e3d838c2962a28a27301186b73"},
    {file = "onnxruntime_gpu-1.12.1-cp38-cp38-manylinux_2_17_x86_64.manylinux2014_x86_64.whl", hash = "sha256:b37872527d03d3df10756408ca44014bd6ac354a044ab1c4286cd42dc138e518"},
    {file = "onnxruntime_gpu-1.12.1-cp38-cp38-win_amd64.whl", hash = "sha256:296bd9733986cb7517d15bef5535c555d3f863963a71e6575e92d2a854aee61d"},
    {file = "onnxruntime_gpu-1.12.1-cp39-cp39-manylinux_2_17_x86_64.manylinux2014_x86_64.whl", hash = "sha256:8e46d0724ce54c5908c5760037b78de741fbd48962b370c29ebc20e608b30eda"},
    {file = "onnxruntime_gpu-1.12.1-cp39-cp39-win_amd64.whl", hash = "sha256:fd919373be35b9ba54210688265df38ad5e19a530449385c40dab51da407345d"},
]
orderedset = []
packaging = [
    {file = "packaging-21.3-py3-none-any.whl", hash = "sha256:ef103e05f519cdc783ae24ea4e2e0f508a9c99b2d4969652eed6a2e1ea5bd522"},
    {file = "packaging-21.3.tar.gz", hash = "sha256:dd47c42927d89ab911e606518907cc2d3a1f38bbd026385970643f9c5b8ecfeb"},
]
pathspec = []
pillow = []
platformdirs = []
protobuf = []
PyHotKey = []
pynput = []
pyobjc-core = []
pyobjc-framework-applicationservices = []
pyobjc-framework-cocoa = []
pyobjc-framework-quartz = []
pyparsing = [
    {file = "pyparsing-3.0.9-py3-none-any.whl", hash = "sha256:5026bae9a10eeaefb61dab2f09052b9f4307d44aee4eda64b309723d8d206bbc"},
    {file = "pyparsing-3.0.9.tar.gz", hash = "sha256:2b020ecf7d21b687f219b71ecad3631f644a47f01403fa1d1036b0c6416d70fb"},
]
pyreadline3 = []
pyside6 = [
    {file = "PySide6-6.3.1-cp36-abi3-macosx_10_9_universal2.whl", hash = "sha256:58b824cb41d549a149a17786326f79a2fa46a1ce94e06397e78ea5707757b052"},
    {file = "PySide6-6.3.1-cp36-abi3-manylinux_2_28_x86_64.whl", hash = "sha256:bc749968d641af1c516b6b0e00264bffea9cfc2d56dc04766f36e1a313e93a3a"},
    {file = "PySide6-6.3.1-cp36-abi3-win_amd64.whl", hash = "sha256:947185379c181d5e51b7b6bf2df8d8127c675ea57604d41265c67444d226db26"},
]
pyside6-addons = [
    {file = "PySide6_Addons-6.3.1-cp36-abi3-macosx_10_9_universal2.whl", hash = "sha256:7a6bb180e41a4c599aa0e93d11e60570d0ebc79c197afccd9c227566dad5d5ef"},
    {file = "PySide6_Addons-6.3.1-cp36-abi3-manylinux_2_28_x86_64.whl", hash = "sha256:14f4171b15dbdd7d120dc125c84f2eca53bc197182295bfdfdb3bb95b58a46c7"},
    {file = "PySide6_Addons-6.3.1-cp36-abi3-win_amd64.whl", hash = "sha256:9a933fac75c85bea3a9e31b24926e06b1afebae23cd164f10f2001999ea2692c"},
]
pyside6-essentials = [
    {file = "PySide6_Essentials-6.3.1-cp36-abi3-macosx_10_9_universal2.whl", hash = "sha256:55696693325a2de7bf5b56274b534f191032d218d61a948baa95933f6e642e59"},
    {file = "PySide6_Essentials-6.3.1-cp36-abi3-manylinux_2_28_x86_64.whl", hash = "sha256:e27962beb2cc45fe13a1a1c24a454c3c3c3c3082c4a84bc5dcf6b306979ba013"},
    {file = "PySide6_Essentials-6.3.1-cp36-abi3-win_amd64.whl", hash = "sha256:fa825c5396a5dfedf59635e904239187e2f2225c7f65917d4e973062c9a6b916"},
]
python-xlib = []
shiboken6 = [
    {file = "shiboken6-6.3.1-cp36-abi3-macosx_10_9_universal2.whl", hash = "sha256:6393aa330101b098631a88dfb99b6b46794046c7f63b5c1ac93ae2fcef4773ff"},
    {file = "shiboken6-6.3.1-cp36-abi3-manylinux_2_28_x86_64.whl", hash = "sha256:aad9aa8e7ecd3c889cc789e41abf3990101126b5b02edfcf87f1ef331c9dc45a"},
    {file = "shiboken6-6.3.1-cp36-abi3-win_amd64.whl", hash = "sha256:cb9cf4ad858e59237642bf6b8be1fe6f19cb090799ff00e4c2643768d73e8ebe"},
]
six = [
    {file = "six-1.16.0-py2.py3-none-any.whl", hash = "sha256:8abb2f1d86890a2dfb989f9a77cfcfd3e47c2a354b01111771326f8aa26e0254"},
    {file = "six-1.16.0.tar.gz", hash = "sha256:1e61c37477a1626458e36f7b1d82aa5c9b094fa4802892072e49de9c60c4c926"},
]
sympy = []
tokenizers = []
tomli = [
    {file = "tomli-2.0.1-py3-none-any.whl", hash = "sha256:939de3e7a6161af0c887ef91b7d41a53e7c5a1ca976325f429cb46ea9bc30ecc"},
    {file = "tomli-2.0.1.tar.gz", hash = "sha256:de526c12914f0c550d15924c62d72abc48d6fe7364aa87328337a31007fe8a4f"},
]
typing-extensions = []
